// !$*UTF8*$!
{
	archiveVersion = 1;
	classes = {
	};
	objectVersion = 55;
	objects = {

/* Begin PBXBuildFile section */
		EAA3B852290B26C700F96375 /* AppDelegate.swift in Sources */ = {isa = PBXBuildFile; fileRef = EAA3B851290B26C700F96375 /* AppDelegate.swift */; };
		EAA3B854290B26C700F96375 /* SceneDelegate.swift in Sources */ = {isa = PBXBuildFile; fileRef = EAA3B853290B26C700F96375 /* SceneDelegate.swift */; };
		EAA3B856290B26C700F96375 /* ViewController.swift in Sources */ = {isa = PBXBuildFile; fileRef = EAA3B855290B26C700F96375 /* ViewController.swift */; };
		EAA3B859290B26C700F96375 /* Main.storyboard in Resources */ = {isa = PBXBuildFile; fileRef = EAA3B857290B26C700F96375 /* Main.storyboard */; };
		EAA3B85C290B26C700F96375 /* CounterApp.xcdatamodeld in Sources */ = {isa = PBXBuildFile; fileRef = EAA3B85A290B26C700F96375 /* CounterApp.xcdatamodeld */; };
		EAA3B85E290B26CB00F96375 /* Assets.xcassets in Resources */ = {isa = PBXBuildFile; fileRef = EAA3B85D290B26CB00F96375 /* Assets.xcassets */; };
		EAA3B861290B26CB00F96375 /* LaunchScreen.storyboard in Resources */ = {isa = PBXBuildFile; fileRef = EAA3B85F290B26CB00F96375 /* LaunchScreen.storyboard */; };
		EAA3B86C290B26CB00F96375 /* CounterAppTests.swift in Sources */ = {isa = PBXBuildFile; fileRef = EAA3B86B290B26CB00F96375 /* CounterAppTests.swift */; };
		EAA3B876290B26CB00F96375 /* CounterAppUITests.swift in Sources */ = {isa = PBXBuildFile; fileRef = EAA3B875290B26CB00F96375 /* CounterAppUITests.swift */; };
		EAA3B878290B26CB00F96375 /* CounterAppUITestsLaunchTests.swift in Sources */ = {isa = PBXBuildFile; fileRef = EAA3B877290B26CB00F96375 /* CounterAppUITestsLaunchTests.swift */; };
/* End PBXBuildFile section */

/* Begin PBXContainerItemProxy section */
		EAA3B868290B26CB00F96375 /* PBXContainerItemProxy */ = {
			isa = PBXContainerItemProxy;
			containerPortal = EAA3B846290B26C700F96375 /* Project object */;
			proxyType = 1;
			remoteGlobalIDString = EAA3B84D290B26C700F96375;
			remoteInfo = CounterApp;
		};
		EAA3B872290B26CB00F96375 /* PBXContainerItemProxy */ = {
			isa = PBXContainerItemProxy;
			containerPortal = EAA3B846290B26C700F96375 /* Project object */;
			proxyType = 1;
			remoteGlobalIDString = EAA3B84D290B26C700F96375;
			remoteInfo = CounterApp;
		};
/* End PBXContainerItemProxy section */

/* Begin PBXFileReference section */
		EAA3B84E290B26C700F96375 /* CounterApp.app */ = {isa = PBXFileReference; explicitFileType = wrapper.application; includeInIndex = 0; path = CounterApp.app; sourceTree = BUILT_PRODUCTS_DIR; };
		EAA3B851290B26C700F96375 /* AppDelegate.swift */ = {isa = PBXFileReference; lastKnownFileType = sourcecode.swift; path = AppDelegate.swift; sourceTree = "<group>"; };
		EAA3B853290B26C700F96375 /* SceneDelegate.swift */ = {isa = PBXFileReference; lastKnownFileType = sourcecode.swift; path = SceneDelegate.swift; sourceTree = "<group>"; };
		EAA3B855290B26C700F96375 /* ViewController.swift */ = {isa = PBXFileReference; lastKnownFileType = sourcecode.swift; path = ViewController.swift; sourceTree = "<group>"; };
		EAA3B858290B26C700F96375 /* Base */ = {isa = PBXFileReference; lastKnownFileType = file.storyboard; name = Base; path = Base.lproj/Main.storyboard; sourceTree = "<group>"; };
		EAA3B85B290B26C700F96375 /* CounterApp.xcdatamodel */ = {isa = PBXFileReference; lastKnownFileType = wrapper.xcdatamodel; path = CounterApp.xcdatamodel; sourceTree = "<group>"; };
		EAA3B85D290B26CB00F96375 /* Assets.xcassets */ = {isa = PBXFileReference; lastKnownFileType = folder.assetcatalog; path = Assets.xcassets; sourceTree = "<group>"; };
		EAA3B860290B26CB00F96375 /* Base */ = {isa = PBXFileReference; lastKnownFileType = file.storyboard; name = Base; path = Base.lproj/LaunchScreen.storyboard; sourceTree = "<group>"; };
		EAA3B862290B26CB00F96375 /* Info.plist */ = {isa = PBXFileReference; lastKnownFileType = text.plist.xml; path = Info.plist; sourceTree = "<group>"; };
		EAA3B867290B26CB00F96375 /* CounterAppTests.xctest */ = {isa = PBXFileReference; explicitFileType = wrapper.cfbundle; includeInIndex = 0; path = CounterAppTests.xctest; sourceTree = BUILT_PRODUCTS_DIR; };
		EAA3B86B290B26CB00F96375 /* CounterAppTests.swift */ = {isa = PBXFileReference; lastKnownFileType = sourcecode.swift; path = CounterAppTests.swift; sourceTree = "<group>"; };
		EAA3B871290B26CB00F96375 /* CounterAppUITests.xctest */ = {isa = PBXFileReference; explicitFileType = wrapper.cfbundle; includeInIndex = 0; path = CounterAppUITests.xctest; sourceTree = BUILT_PRODUCTS_DIR; };
		EAA3B875290B26CB00F96375 /* CounterAppUITests.swift */ = {isa = PBXFileReference; lastKnownFileType = sourcecode.swift; path = CounterAppUITests.swift; sourceTree = "<group>"; };
		EAA3B877290B26CB00F96375 /* CounterAppUITestsLaunchTests.swift */ = {isa = PBXFileReference; lastKnownFileType = sourcecode.swift; path = CounterAppUITestsLaunchTests.swift; sourceTree = "<group>"; };
/* End PBXFileReference section */

/* Begin PBXFrameworksBuildPhase section */
		EAA3B84B290B26C700F96375 /* Frameworks */ = {
			isa = PBXFrameworksBuildPhase;
			buildActionMask = 2147483647;
			files = (
			);
			runOnlyForDeploymentPostprocessing = 0;
		};
		EAA3B864290B26CB00F96375 /* Frameworks */ = {
			isa = PBXFrameworksBuildPhase;
			buildActionMask = 2147483647;
			files = (
			);
			runOnlyForDeploymentPostprocessing = 0;
		};
		EAA3B86E290B26CB00F96375 /* Frameworks */ = {
			isa = PBXFrameworksBuildPhase;
			buildActionMask = 2147483647;
			files = (
			);
			runOnlyForDeploymentPostprocessing = 0;
		};
/* End PBXFrameworksBuildPhase section */

/* Begin PBXGroup section */
		EAA3B845290B26C700F96375 = {
			isa = PBXGroup;
			children = (
				EAA3B850290B26C700F96375 /* CounterApp */,
				EAA3B86A290B26CB00F96375 /* CounterAppTests */,
				EAA3B874290B26CB00F96375 /* CounterAppUITests */,
				EAA3B84F290B26C700F96375 /* Products */,
			);
			sourceTree = "<group>";
		};
		EAA3B84F290B26C700F96375 /* Products */ = {
			isa = PBXGroup;
			children = (
				EAA3B84E290B26C700F96375 /* CounterApp.app */,
				EAA3B867290B26CB00F96375 /* CounterAppTests.xctest */,
				EAA3B871290B26CB00F96375 /* CounterAppUITests.xctest */,
			);
			name = Products;
			sourceTree = "<group>";
		};
		EAA3B850290B26C700F96375 /* CounterApp */ = {
			isa = PBXGroup;
			children = (
				EAA3B851290B26C700F96375 /* AppDelegate.swift */,
				EAA3B853290B26C700F96375 /* SceneDelegate.swift */,
				EAA3B855290B26C700F96375 /* ViewController.swift */,
				EAA3B857290B26C700F96375 /* Main.storyboard */,
				EAA3B85D290B26CB00F96375 /* Assets.xcassets */,
				EAA3B85F290B26CB00F96375 /* LaunchScreen.storyboard */,
				EAA3B862290B26CB00F96375 /* Info.plist */,
				EAA3B85A290B26C700F96375 /* CounterApp.xcdatamodeld */,
			);
			path = CounterApp;
			sourceTree = "<group>";
		};
		EAA3B86A290B26CB00F96375 /* CounterAppTests */ = {
			isa = PBXGroup;
			children = (
				EAA3B86B290B26CB00F96375 /* CounterAppTests.swift */,
			);
			path = CounterAppTests;
			sourceTree = "<group>";
		};
		EAA3B874290B26CB00F96375 /* CounterAppUITests */ = {
			isa = PBXGroup;
			children = (
				EAA3B875290B26CB00F96375 /* CounterAppUITests.swift */,
				EAA3B877290B26CB00F96375 /* CounterAppUITestsLaunchTests.swift */,
			);
			path = CounterAppUITests;
			sourceTree = "<group>";
		};
/* End PBXGroup section */

/* Begin PBXNativeTarget section */
		EAA3B84D290B26C700F96375 /* CounterApp */ = {
			isa = PBXNativeTarget;
			buildConfigurationList = EAA3B87B290B26CB00F96375 /* Build configuration list for PBXNativeTarget "CounterApp" */;
			buildPhases = (
				EAA3B84A290B26C700F96375 /* Sources */,
				EAA3B84B290B26C700F96375 /* Frameworks */,
				EAA3B84C290B26C700F96375 /* Resources */,
			);
			buildRules = (
			);
			dependencies = (
			);
			name = CounterApp;
			productName = CounterApp;
			productReference = EAA3B84E290B26C700F96375 /* CounterApp.app */;
			productType = "com.apple.product-type.application";
		};
		EAA3B866290B26CB00F96375 /* CounterAppTests */ = {
			isa = PBXNativeTarget;
			buildConfigurationList = EAA3B87E290B26CB00F96375 /* Build configuration list for PBXNativeTarget "CounterAppTests" */;
			buildPhases = (
				EAA3B863290B26CB00F96375 /* Sources */,
				EAA3B864290B26CB00F96375 /* Frameworks */,
				EAA3B865290B26CB00F96375 /* Resources */,
			);
			buildRules = (
			);
			dependencies = (
				EAA3B869290B26CB00F96375 /* PBXTargetDependency */,
			);
			name = CounterAppTests;
			productName = CounterAppTests;
			productReference = EAA3B867290B26CB00F96375 /* CounterAppTests.xctest */;
			productType = "com.apple.product-type.bundle.unit-test";
		};
		EAA3B870290B26CB00F96375 /* CounterAppUITests */ = {
			isa = PBXNativeTarget;
			buildConfigurationList = EAA3B881290B26CB00F96375 /* Build configuration list for PBXNativeTarget "CounterAppUITests" */;
			buildPhases = (
				EAA3B86D290B26CB00F96375 /* Sources */,
				EAA3B86E290B26CB00F96375 /* Frameworks */,
				EAA3B86F290B26CB00F96375 /* Resources */,
			);
			buildRules = (
			);
			dependencies = (
				EAA3B873290B26CB00F96375 /* PBXTargetDependency */,
			);
			name = CounterAppUITests;
			productName = CounterAppUITests;
			productReference = EAA3B871290B26CB00F96375 /* CounterAppUITests.xctest */;
			productType = "com.apple.product-type.bundle.ui-testing";
		};
/* End PBXNativeTarget section */

/* Begin PBXProject section */
		EAA3B846290B26C700F96375 /* Project object */ = {
			isa = PBXProject;
			attributes = {
				BuildIndependentTargetsInParallel = 1;
				LastSwiftUpdateCheck = 1340;
				LastUpgradeCheck = 1340;
				TargetAttributes = {
					EAA3B84D290B26C700F96375 = {
						CreatedOnToolsVersion = 13.4.1;
					};
					EAA3B866290B26CB00F96375 = {
						CreatedOnToolsVersion = 13.4.1;
						TestTargetID = EAA3B84D290B26C700F96375;
					};
					EAA3B870290B26CB00F96375 = {
						CreatedOnToolsVersion = 13.4.1;
						TestTargetID = EAA3B84D290B26C700F96375;
					};
				};
			};
			buildConfigurationList = EAA3B849290B26C700F96375 /* Build configuration list for PBXProject "CounterApp" */;
			compatibilityVersion = "Xcode 13.0";
			developmentRegion = en;
			hasScannedForEncodings = 0;
			knownRegions = (
				en,
				Base,
			);
			mainGroup = EAA3B845290B26C700F96375;
			productRefGroup = EAA3B84F290B26C700F96375 /* Products */;
			projectDirPath = "";
			projectRoot = "";
			targets = (
				EAA3B84D290B26C700F96375 /* CounterApp */,
				EAA3B866290B26CB00F96375 /* CounterAppTests */,
				EAA3B870290B26CB00F96375 /* CounterAppUITests */,
			);
		};
/* End PBXProject section */

/* Begin PBXResourcesBuildPhase section */
		EAA3B84C290B26C700F96375 /* Resources */ = {
			isa = PBXResourcesBuildPhase;
			buildActionMask = 2147483647;
			files = (
				EAA3B861290B26CB00F96375 /* LaunchScreen.storyboard in Resources */,
				EAA3B85E290B26CB00F96375 /* Assets.xcassets in Resources */,
				EAA3B859290B26C700F96375 /* Main.storyboard in Resources */,
			);
			runOnlyForDeploymentPostprocessing = 0;
		};
		EAA3B865290B26CB00F96375 /* Resources */ = {
			isa = PBXResourcesBuildPhase;
			buildActionMask = 2147483647;
			files = (
			);
			runOnlyForDeploymentPostprocessing = 0;
		};
		EAA3B86F290B26CB00F96375 /* Resources */ = {
			isa = PBXResourcesBuildPhase;
			buildActionMask = 2147483647;
			files = (
			);
			runOnlyForDeploymentPostprocessing = 0;
		};
/* End PBXResourcesBuildPhase section */

/* Begin PBXSourcesBuildPhase section */
		EAA3B84A290B26C700F96375 /* Sources */ = {
			isa = PBXSourcesBuildPhase;
			buildActionMask = 2147483647;
			files = (
				EAA3B85C290B26C700F96375 /* CounterApp.xcdatamodeld in Sources */,
				EAA3B856290B26C700F96375 /* ViewController.swift in Sources */,
				EAA3B852290B26C700F96375 /* AppDelegate.swift in Sources */,
				EAA3B854290B26C700F96375 /* SceneDelegate.swift in Sources */,
			);
			runOnlyForDeploymentPostprocessing = 0;
		};
		EAA3B863290B26CB00F96375 /* Sources */ = {
			isa = PBXSourcesBuildPhase;
			buildActionMask = 2147483647;
			files = (
				EAA3B86C290B26CB00F96375 /* CounterAppTests.swift in Sources */,
			);
			runOnlyForDeploymentPostprocessing = 0;
		};
		EAA3B86D290B26CB00F96375 /* Sources */ = {
			isa = PBXSourcesBuildPhase;
			buildActionMask = 2147483647;
			files = (
				EAA3B876290B26CB00F96375 /* CounterAppUITests.swift in Sources */,
				EAA3B878290B26CB00F96375 /* CounterAppUITestsLaunchTests.swift in Sources */,
			);
			runOnlyForDeploymentPostprocessing = 0;
		};
/* End PBXSourcesBuildPhase section */

/* Begin PBXTargetDependency section */
		EAA3B869290B26CB00F96375 /* PBXTargetDependency */ = {
			isa = PBXTargetDependency;
			target = EAA3B84D290B26C700F96375 /* CounterApp */;
			targetProxy = EAA3B868290B26CB00F96375 /* PBXContainerItemProxy */;
		};
		EAA3B873290B26CB00F96375 /* PBXTargetDependency */ = {
			isa = PBXTargetDependency;
			target = EAA3B84D290B26C700F96375 /* CounterApp */;
			targetProxy = EAA3B872290B26CB00F96375 /* PBXContainerItemProxy */;
		};
/* End PBXTargetDependency section */

/* Begin PBXVariantGroup section */
		EAA3B857290B26C700F96375 /* Main.storyboard */ = {
			isa = PBXVariantGroup;
			children = (
				EAA3B858290B26C700F96375 /* Base */,
			);
			name = Main.storyboard;
			sourceTree = "<group>";
		};
		EAA3B85F290B26CB00F96375 /* LaunchScreen.storyboard */ = {
			isa = PBXVariantGroup;
			children = (
				EAA3B860290B26CB00F96375 /* Base */,
			);
			name = LaunchScreen.storyboard;
			sourceTree = "<group>";
		};
/* End PBXVariantGroup section */

/* Begin XCBuildConfiguration section */
		EAA3B879290B26CB00F96375 /* Debug */ = {
			isa = XCBuildConfiguration;
			buildSettings = {
				ALWAYS_SEARCH_USER_PATHS = NO;
				CLANG_ANALYZER_NONNULL = YES;
				CLANG_ANALYZER_NUMBER_OBJECT_CONVERSION = YES_AGGRESSIVE;
				CLANG_CXX_LANGUAGE_STANDARD = "gnu++17";
				CLANG_ENABLE_MODULES = YES;
				CLANG_ENABLE_OBJC_ARC = YES;
				CLANG_ENABLE_OBJC_WEAK = YES;
				CLANG_WARN_BLOCK_CAPTURE_AUTORELEASING = YES;
				CLANG_WARN_BOOL_CONVERSION = YES;
				CLANG_WARN_COMMA = YES;
				CLANG_WARN_CONSTANT_CONVERSION = YES;
				CLANG_WARN_DEPRECATED_OBJC_IMPLEMENTATIONS = YES;
				CLANG_WARN_DIRECT_OBJC_ISA_USAGE = YES_ERROR;
				CLANG_WARN_DOCUMENTATION_COMMENTS = YES;
				CLANG_WARN_EMPTY_BODY = YES;
				CLANG_WARN_ENUM_CONVERSION = YES;
				CLANG_WARN_INFINITE_RECURSION = YES;
				CLANG_WARN_INT_CONVERSION = YES;
				CLANG_WARN_NON_LITERAL_NULL_CONVERSION = YES;
				CLANG_WARN_OBJC_IMPLICIT_RETAIN_SELF = YES;
				CLANG_WARN_OBJC_LITERAL_CONVERSION = YES;
				CLANG_WARN_OBJC_ROOT_CLASS = YES_ERROR;
				CLANG_WARN_QUOTED_INCLUDE_IN_FRAMEWORK_HEADER = YES;
				CLANG_WARN_RANGE_LOOP_ANALYSIS = YES;
				CLANG_WARN_STRICT_PROTOTYPES = YES;
				CLANG_WARN_SUSPICIOUS_MOVE = YES;
				CLANG_WARN_UNGUARDED_AVAILABILITY = YES_AGGRESSIVE;
				CLANG_WARN_UNREACHABLE_CODE = YES;
				CLANG_WARN__DUPLICATE_METHOD_MATCH = YES;
				COPY_PHASE_STRIP = NO;
				DEBUG_INFORMATION_FORMAT = dwarf;
				ENABLE_STRICT_OBJC_MSGSEND = YES;
				ENABLE_TESTABILITY = YES;
				GCC_C_LANGUAGE_STANDARD = gnu11;
				GCC_DYNAMIC_NO_PIC = NO;
				GCC_NO_COMMON_BLOCKS = YES;
				GCC_OPTIMIZATION_LEVEL = 0;
				GCC_PREPROCESSOR_DEFINITIONS = (
					"DEBUG=1",
					"$(inherited)",
				);
				GCC_WARN_64_TO_32_BIT_CONVERSION = YES;
				GCC_WARN_ABOUT_RETURN_TYPE = YES_ERROR;
				GCC_WARN_UNDECLARED_SELECTOR = YES;
				GCC_WARN_UNINITIALIZED_AUTOS = YES_AGGRESSIVE;
				GCC_WARN_UNUSED_FUNCTION = YES;
				GCC_WARN_UNUSED_VARIABLE = YES;
				IPHONEOS_DEPLOYMENT_TARGET = 15.5;
				MTL_ENABLE_DEBUG_INFO = INCLUDE_SOURCE;
				MTL_FAST_MATH = YES;
				ONLY_ACTIVE_ARCH = YES;
				SDKROOT = iphoneos;
				SWIFT_ACTIVE_COMPILATION_CONDITIONS = DEBUG;
				SWIFT_OPTIMIZATION_LEVEL = "-Onone";
			};
			name = Debug;
		};
		EAA3B87A290B26CB00F96375 /* Release */ = {
			isa = XCBuildConfiguration;
			buildSettings = {
				ALWAYS_SEARCH_USER_PATHS = NO;
				CLANG_ANALYZER_NONNULL = YES;
				CLANG_ANALYZER_NUMBER_OBJECT_CONVERSION = YES_AGGRESSIVE;
				CLANG_CXX_LANGUAGE_STANDARD = "gnu++17";
				CLANG_ENABLE_MODULES = YES;
				CLANG_ENABLE_OBJC_ARC = YES;
				CLANG_ENABLE_OBJC_WEAK = YES;
				CLANG_WARN_BLOCK_CAPTURE_AUTORELEASING = YES;
				CLANG_WARN_BOOL_CONVERSION = YES;
				CLANG_WARN_COMMA = YES;
				CLANG_WARN_CONSTANT_CONVERSION = YES;
				CLANG_WARN_DEPRECATED_OBJC_IMPLEMENTATIONS = YES;
				CLANG_WARN_DIRECT_OBJC_ISA_USAGE = YES_ERROR;
				CLANG_WARN_DOCUMENTATION_COMMENTS = YES;
				CLANG_WARN_EMPTY_BODY = YES;
				CLANG_WARN_ENUM_CONVERSION = YES;
				CLANG_WARN_INFINITE_RECURSION = YES;
				CLANG_WARN_INT_CONVERSION = YES;
				CLANG_WARN_NON_LITERAL_NULL_CONVERSION = YES;
				CLANG_WARN_OBJC_IMPLICIT_RETAIN_SELF = YES;
				CLANG_WARN_OBJC_LITERAL_CONVERSION = YES;
				CLANG_WARN_OBJC_ROOT_CLASS = YES_ERROR;
				CLANG_WARN_QUOTED_INCLUDE_IN_FRAMEWORK_HEADER = YES;
				CLANG_WARN_RANGE_LOOP_ANALYSIS = YES;
				CLANG_WARN_STRICT_PROTOTYPES = YES;
				CLANG_WARN_SUSPICIOUS_MOVE = YES;
				CLANG_WARN_UNGUARDED_AVAILABILITY = YES_AGGRESSIVE;
				CLANG_WARN_UNREACHABLE_CODE = YES;
				CLANG_WARN__DUPLICATE_METHOD_MATCH = YES;
				COPY_PHASE_STRIP = NO;
				DEBUG_INFORMATION_FORMAT = "dwarf-with-dsym";
				ENABLE_NS_ASSERTIONS = NO;
				ENABLE_STRICT_OBJC_MSGSEND = YES;
				GCC_C_LANGUAGE_STANDARD = gnu11;
				GCC_NO_COMMON_BLOCKS = YES;
				GCC_WARN_64_TO_32_BIT_CONVERSION = YES;
				GCC_WARN_ABOUT_RETURN_TYPE = YES_ERROR;
				GCC_WARN_UNDECLARED_SELECTOR = YES;
				GCC_WARN_UNINITIALIZED_AUTOS = YES_AGGRESSIVE;
				GCC_WARN_UNUSED_FUNCTION = YES;
				GCC_WARN_UNUSED_VARIABLE = YES;
				IPHONEOS_DEPLOYMENT_TARGET = 15.5;
				MTL_ENABLE_DEBUG_INFO = NO;
				MTL_FAST_MATH = YES;
				SDKROOT = iphoneos;
				SWIFT_COMPILATION_MODE = wholemodule;
				SWIFT_OPTIMIZATION_LEVEL = "-O";
				VALIDATE_PRODUCT = YES;
			};
			name = Release;
		};
		EAA3B87C290B26CB00F96375 /* Debug */ = {
			isa = XCBuildConfiguration;
			buildSettings = {
				ASSETCATALOG_COMPILER_APPICON_NAME = AppIcon;
				ASSETCATALOG_COMPILER_GLOBAL_ACCENT_COLOR_NAME = AccentColor;
				CODE_SIGN_STYLE = Automatic;
				CURRENT_PROJECT_VERSION = 1;
				GENERATE_INFOPLIST_FILE = YES;
				INFOPLIST_FILE = CounterApp/Info.plist;
				INFOPLIST_KEY_UIApplicationSupportsIndirectInputEvents = YES;
				INFOPLIST_KEY_UILaunchStoryboardName = LaunchScreen;
				INFOPLIST_KEY_UIMainStoryboardFile = Main;
				INFOPLIST_KEY_UISupportedInterfaceOrientations_iPad = "UIInterfaceOrientationPortrait UIInterfaceOrientationPortraitUpsideDown UIInterfaceOrientationLandscapeLeft UIInterfaceOrientationLandscapeRight";
				INFOPLIST_KEY_UISupportedInterfaceOrientations_iPhone = "UIInterfaceOrientationPortrait UIInterfaceOrientationLandscapeLeft UIInterfaceOrientationLandscapeRight";
				LD_RUNPATH_SEARCH_PATHS = (
					"$(inherited)",
					"@executable_path/Frameworks",
				);
				MARKETING_VERSION = 1.0;
				PRODUCT_BUNDLE_IDENTIFIER = com.grigarazh.CounterApp;
				PRODUCT_NAME = "$(TARGET_NAME)";
				SWIFT_EMIT_LOC_STRINGS = YES;
				SWIFT_VERSION = 5.0;
				TARGETED_DEVICE_FAMILY = "1,2";
			};
			name = Debug;
		};
		EAA3B87D290B26CB00F96375 /* Release */ = {
			isa = XCBuildConfiguration;
			buildSettings = {
				ASSETCATALOG_COMPILER_APPICON_NAME = AppIcon;
				ASSETCATALOG_COMPILER_GLOBAL_ACCENT_COLOR_NAME = AccentColor;
				CODE_SIGN_STYLE = Automatic;
				CURRENT_PROJECT_VERSION = 1;
				GENERATE_INFOPLIST_FILE = YES;
				INFOPLIST_FILE = CounterApp/Info.plist;
				INFOPLIST_KEY_UIApplicationSupportsIndirectInputEvents = YES;
				INFOPLIST_KEY_UILaunchStoryboardName = LaunchScreen;
				INFOPLIST_KEY_UIMainStoryboardFile = Main;
				INFOPLIST_KEY_UISupportedInterfaceOrientations_iPad = "UIInterfaceOrientationPortrait UIInterfaceOrientationPortraitUpsideDown UIInterfaceOrientationLandscapeLeft UIInterfaceOrientationLandscapeRight";
				INFOPLIST_KEY_UISupportedInterfaceOrientations_iPhone = "UIInterfaceOrientationPortrait UIInterfaceOrientationLandscapeLeft UIInterfaceOrientationLandscapeRight";
				LD_RUNPATH_SEARCH_PATHS = (
					"$(inherited)",
					"@executable_path/Frameworks",
				);
				MARKETING_VERSION = 1.0;
				PRODUCT_BUNDLE_IDENTIFIER = com.grigarazh.CounterApp;
				PRODUCT_NAME = "$(TARGET_NAME)";
				SWIFT_EMIT_LOC_STRINGS = YES;
				SWIFT_VERSION = 5.0;
				TARGETED_DEVICE_FAMILY = "1,2";
			};
			name = Release;
		};
		EAA3B87F290B26CB00F96375 /* Debug */ = {
			isa = XCBuildConfiguration;
			buildSettings = {
				ALWAYS_EMBED_SWIFT_STANDARD_LIBRARIES = YES;
				BUNDLE_LOADER = "$(TEST_HOST)";
				CODE_SIGN_STYLE = Automatic;
				CURRENT_PROJECT_VERSION = 1;
				GENERATE_INFOPLIST_FILE = YES;
				IPHONEOS_DEPLOYMENT_TARGET = 15.5;
				MARKETING_VERSION = 1.0;
				PRODUCT_BUNDLE_IDENTIFIER = com.grigarazh.CounterAppTests;
				PRODUCT_NAME = "$(TARGET_NAME)";
				SWIFT_EMIT_LOC_STRINGS = NO;
				SWIFT_VERSION = 5.0;
				TARGETED_DEVICE_FAMILY = "1,2";
				TEST_HOST = "$(BUILT_PRODUCTS_DIR)/CounterApp.app/CounterApp";
			};
			name = Debug;
		};
		EAA3B880290B26CB00F96375 /* Release */ = {
			isa = XCBuildConfiguration;
			buildSettings = {
				ALWAYS_EMBED_SWIFT_STANDARD_LIBRARIES = YES;
				BUNDLE_LOADER = "$(TEST_HOST)";
				CODE_SIGN_STYLE = Automatic;
				CURRENT_PROJECT_VERSION = 1;
				GENERATE_INFOPLIST_FILE = YES;
				IPHONEOS_DEPLOYMENT_TARGET = 15.5;
				MARKETING_VERSION = 1.0;
				PRODUCT_BUNDLE_IDENTIFIER = com.grigarazh.CounterAppTests;
				PRODUCT_NAME = "$(TARGET_NAME)";
				SWIFT_EMIT_LOC_STRINGS = NO;
				SWIFT_VERSION = 5.0;
				TARGETED_DEVICE_FAMILY = "1,2";
				TEST_HOST = "$(BUILT_PRODUCTS_DIR)/CounterApp.app/CounterApp";
			};
			name = Release;
		};
		EAA3B882290B26CB00F96375 /* Debug */ = {
			isa = XCBuildConfiguration;
			buildSettings = {
				ALWAYS_EMBED_SWIFT_STANDARD_LIBRARIES = YES;
				CODE_SIGN_STYLE = Automatic;
				CURRENT_PROJECT_VERSION = 1;
				GENERATE_INFOPLIST_FILE = YES;
				MARKETING_VERSION = 1.0;
				PRODUCT_BUNDLE_IDENTIFIER = com.grigarazh.CounterAppUITests;
				PRODUCT_NAME = "$(TARGET_NAME)";
				SWIFT_EMIT_LOC_STRINGS = NO;
				SWIFT_VERSION = 5.0;
				TARGETED_DEVICE_FAMILY = "1,2";
				TEST_TARGET_NAME = CounterApp;
			};
			name = Debug;
		};
		EAA3B883290B26CB00F96375 /* Release */ = {
			isa = XCBuildConfiguration;
			buildSettings = {
				ALWAYS_EMBED_SWIFT_STANDARD_LIBRARIES = YES;
				CODE_SIGN_STYLE = Automatic;
				CURRENT_PROJECT_VERSION = 1;
				GENERATE_INFOPLIST_FILE = YES;
				MARKETING_VERSION = 1.0;
				PRODUCT_BUNDLE_IDENTIFIER = com.grigarazh.CounterAppUITests;
				PRODUCT_NAME = "$(TARGET_NAME)";
				SWIFT_EMIT_LOC_STRINGS = NO;
				SWIFT_VERSION = 5.0;
				TARGETED_DEVICE_FAMILY = "1,2";
				TEST_TARGET_NAME = CounterApp;
			};
			name = Release;
		};
/* End XCBuildConfiguration section */

/* Begin XCConfigurationList section */
		EAA3B849290B26C700F96375 /* Build configuration list for PBXProject "CounterApp" */ = {
			isa = XCConfigurationList;
			buildConfigurations = (
				EAA3B879290B26CB00F96375 /* Debug */,
				EAA3B87A290B26CB00F96375 /* Release */,
			);
			defaultConfigurationIsVisible = 0;
			defaultConfigurationName = Release;
		};
		EAA3B87B290B26CB00F96375 /* Build configuration list for PBXNativeTarget "CounterApp" */ = {
			isa = XCConfigurationList;
			buildConfigurations = (
				EAA3B87C290B26CB00F96375 /* Debug */,
				EAA3B87D290B26CB00F96375 /* Release */,
			);
			defaultConfigurationIsVisible = 0;
			defaultConfigurationName = Release;
		};
		EAA3B87E290B26CB00F96375 /* Build configuration list for PBXNativeTarget "CounterAppTests" */ = {
			isa = XCConfigurationList;
			buildConfigurations = (
				EAA3B87F290B26CB00F96375 /* Debug */,
				EAA3B880290B26CB00F96375 /* Release */,
			);
			defaultConfigurationIsVisible = 0;
			defaultConfigurationName = Release;
		};
		EAA3B881290B26CB00F96375 /* Build configuration list for PBXNativeTarget "CounterAppUITests" */ = {
			isa = XCConfigurationList;
			buildConfigurations = (
				EAA3B882290B26CB00F96375 /* Debug */,
				EAA3B883290B26CB00F96375 /* Release */,
			);
			defaultConfigurationIsVisible = 0;
			defaultConfigurationName = Release;
		};
/* End XCConfigurationList section */

/* Begin XCVersionGroup section */
		EAA3B85A290B26C700F96375 /* CounterApp.xcdatamodeld */ = {
			isa = XCVersionGroup;
			children = (
				EAA3B85B290B26C700F96375 /* CounterApp.xcdatamodel */,
			);
			currentVersion = EAA3B85B290B26C700F96375 /* CounterApp.xcdatamodel */;
			path = CounterApp.xcdatamodeld;
			sourceTree = "<group>";
			versionGroupType = wrapper.xcdatamodel;
		};
/* End XCVersionGroup section */
	};
	rootObject = EAA3B846290B26C700F96375 /* Project object */;
}
